
Microsoft Visual Studio Solution File, Format Version 12.00
# Visual Studio 15
Project("{FAE04EC0-301F-11D3-BF4B-00C04F79EFBC}") = "Assembly-CSharp", "Assembly-CSharp.csproj", "{7ABF563B-2775-0C86-62C7-A2E2F6888904}"
EndProject
Project("{FAE04EC0-301F-11D3-BF4B-00C04F79EFBC}") = "Assembly-CSharp-Editor", "Assembly-CSharp-Editor.csproj", "{9493738B-B10D-4E98-FF33-DBEB42313F38}"
EndProject
Global
	GlobalSection(SolutionConfigurationPlatforms) = preSolution
		Debug|Any CPU = Debug|Any CPU
		Release|Any CPU = Release|Any CPU
	EndGlobalSection
	GlobalSection(ProjectConfigurationPlatforms) = postSolution
		{7ABF563B-2775-0C86-62C7-A2E2F6888904}.Debug|Any CPU.ActiveCfg = Debug|Any CPU
		{7ABF563B-2775-0C86-62C7-A2E2F6888904}.Debug|Any CPU.Build.0 = Debug|Any CPU
		{7ABF563B-2775-0C86-62C7-A2E2F6888904}.Release|Any CPU.ActiveCfg = Release|Any CPU
		{7ABF563B-2775-0C86-62C7-A2E2F6888904}.Release|Any CPU.Build.0 = Release|Any CPU
		{9493738B-B10D-4E98-FF33-DBEB42313F38}.Debug|Any CPU.ActiveCfg = Debug|Any CPU
		{9493738B-B10D-4E98-FF33-DBEB42313F38}.Debug|Any CPU.Build.0 = Debug|Any CPU
		{9493738B-B10D-4E98-FF33-DBEB42313F38}.Release|Any CPU.ActiveCfg = Release|Any CPU
		{9493738B-B10D-4E98-FF33-DBEB42313F38}.Release|Any CPU.Build.0 = Release|Any CPU
	EndGlobalSection
	GlobalSection(SolutionProperties) = preSolution
		HideSolutionNode = FALSE
	EndGlobalSection
EndGlobal
